// !$*UTF8*$!
{
	archiveVersion = 1;
	classes = {
	};
	objectVersion = 55;
	objects = {

/* Begin PBXBuildFile section */
		1682308E284ED9920040B0B6 /* AppDelegate.swift in Sources */ = {isa = PBXBuildFile; fileRef = 1682308D284ED9920040B0B6 /* AppDelegate.swift */; };
		16823090284ED9920040B0B6 /* SceneDelegate.swift in Sources */ = {isa = PBXBuildFile; fileRef = 1682308F284ED9920040B0B6 /* SceneDelegate.swift */; };
		16823092284ED9920040B0B6 /* BaseViewController.swift in Sources */ = {isa = PBXBuildFile; fileRef = 16823091284ED9920040B0B6 /* BaseViewController.swift */; };
		16823095284ED9920040B0B6 /* Main.storyboard in Resources */ = {isa = PBXBuildFile; fileRef = 16823093284ED9920040B0B6 /* Main.storyboard */; };
		16823097284ED9970040B0B6 /* Assets.xcassets in Resources */ = {isa = PBXBuildFile; fileRef = 16823096284ED9970040B0B6 /* Assets.xcassets */; };
		1682309A284ED9970040B0B6 /* LaunchScreen.storyboard in Resources */ = {isa = PBXBuildFile; fileRef = 16823098284ED9970040B0B6 /* LaunchScreen.storyboard */; };
		168230A9284EE0B10040B0B6 /* MenuViewModel.swift in Sources */ = {isa = PBXBuildFile; fileRef = 168230A8284EE0B10040B0B6 /* MenuViewModel.swift */; };
		168230AB284EE0FC0040B0B6 /* BaseViewModel.swift in Sources */ = {isa = PBXBuildFile; fileRef = 168230AA284EE0FC0040B0B6 /* BaseViewModel.swift */; };
		168230B0284EE2460040B0B6 /* PeopleResponse.swift in Sources */ = {isa = PBXBuildFile; fileRef = 168230AF284EE2460040B0B6 /* PeopleResponse.swift */; };
		168230B2284EE6B00040B0B6 /* PlanetResponse.swift in Sources */ = {isa = PBXBuildFile; fileRef = 168230B1284EE6B00040B0B6 /* PlanetResponse.swift */; };
		168230B4284EE8360040B0B6 /* StarshipResponse.swift in Sources */ = {isa = PBXBuildFile; fileRef = 168230B3284EE8360040B0B6 /* StarshipResponse.swift */; };
		168230B6284EEA7D0040B0B6 /* ServiceManager.swift in Sources */ = {isa = PBXBuildFile; fileRef = 168230B5284EEA7D0040B0B6 /* ServiceManager.swift */; };
		168230BA284EECA80040B0B6 /* GlobalStrings.swift in Sources */ = {isa = PBXBuildFile; fileRef = 168230B9284EECA80040B0B6 /* GlobalStrings.swift */; };
		168230BC284EECF70040B0B6 /* Endpoints.swift in Sources */ = {isa = PBXBuildFile; fileRef = 168230BB284EECF70040B0B6 /* Endpoints.swift */; };
/* End PBXBuildFile section */

/* Begin PBXFileReference section */
		1682308A284ED9920040B0B6 /* StarWapp.app */ = {isa = PBXFileReference; explicitFileType = wrapper.application; includeInIndex = 0; path = StarWapp.app; sourceTree = BUILT_PRODUCTS_DIR; };
		1682308D284ED9920040B0B6 /* AppDelegate.swift */ = {isa = PBXFileReference; lastKnownFileType = sourcecode.swift; path = AppDelegate.swift; sourceTree = "<group>"; };
		1682308F284ED9920040B0B6 /* SceneDelegate.swift */ = {isa = PBXFileReference; lastKnownFileType = sourcecode.swift; path = SceneDelegate.swift; sourceTree = "<group>"; };
		16823091284ED9920040B0B6 /* BaseViewController.swift */ = {isa = PBXFileReference; lastKnownFileType = sourcecode.swift; path = BaseViewController.swift; sourceTree = "<group>"; };
		16823094284ED9920040B0B6 /* Base */ = {isa = PBXFileReference; lastKnownFileType = file.storyboard; name = Base; path = Base.lproj/Main.storyboard; sourceTree = "<group>"; };
		16823096284ED9970040B0B6 /* Assets.xcassets */ = {isa = PBXFileReference; lastKnownFileType = folder.assetcatalog; path = Assets.xcassets; sourceTree = "<group>"; };
		16823099284ED9970040B0B6 /* Base */ = {isa = PBXFileReference; lastKnownFileType = file.storyboard; name = Base; path = Base.lproj/LaunchScreen.storyboard; sourceTree = "<group>"; };
		1682309B284ED9970040B0B6 /* Info.plist */ = {isa = PBXFileReference; lastKnownFileType = text.plist.xml; path = Info.plist; sourceTree = "<group>"; };
		168230A8284EE0B10040B0B6 /* MenuViewModel.swift */ = {isa = PBXFileReference; lastKnownFileType = sourcecode.swift; path = MenuViewModel.swift; sourceTree = "<group>"; };
		168230AA284EE0FC0040B0B6 /* BaseViewModel.swift */ = {isa = PBXFileReference; lastKnownFileType = sourcecode.swift; path = BaseViewModel.swift; sourceTree = "<group>"; };
		168230AF284EE2460040B0B6 /* PeopleResponse.swift */ = {isa = PBXFileReference; lastKnownFileType = sourcecode.swift; path = PeopleResponse.swift; sourceTree = "<group>"; };
		168230B1284EE6B00040B0B6 /* PlanetResponse.swift */ = {isa = PBXFileReference; lastKnownFileType = sourcecode.swift; path = PlanetResponse.swift; sourceTree = "<group>"; };
		168230B3284EE8360040B0B6 /* StarshipResponse.swift */ = {isa = PBXFileReference; lastKnownFileType = sourcecode.swift; path = StarshipResponse.swift; sourceTree = "<group>"; };
		168230B5284EEA7D0040B0B6 /* ServiceManager.swift */ = {isa = PBXFileReference; lastKnownFileType = sourcecode.swift; path = ServiceManager.swift; sourceTree = "<group>"; };
		168230B9284EECA80040B0B6 /* GlobalStrings.swift */ = {isa = PBXFileReference; lastKnownFileType = sourcecode.swift; path = GlobalStrings.swift; sourceTree = "<group>"; };
		168230BB284EECF70040B0B6 /* Endpoints.swift */ = {isa = PBXFileReference; lastKnownFileType = sourcecode.swift; path = Endpoints.swift; sourceTree = "<group>"; };
/* End PBXFileReference section */

/* Begin PBXFrameworksBuildPhase section */
		16823087284ED9920040B0B6 /* Frameworks */ = {
			isa = PBXFrameworksBuildPhase;
			buildActionMask = 2147483647;
			files = (
			);
			runOnlyForDeploymentPostprocessing = 0;
		};
/* End PBXFrameworksBuildPhase section */

/* Begin PBXGroup section */
		16823081284ED9920040B0B6 = {
			isa = PBXGroup;
			children = (
				1682308C284ED9920040B0B6 /* StarWapp */,
				1682308B284ED9920040B0B6 /* Products */,
			);
			sourceTree = "<group>";
		};
		1682308B284ED9920040B0B6 /* Products */ = {
			isa = PBXGroup;
			children = (
				1682308A284ED9920040B0B6 /* StarWapp.app */,
			);
			name = Products;
			sourceTree = "<group>";
		};
		1682308C284ED9920040B0B6 /* StarWapp */ = {
			isa = PBXGroup;
			children = (
				168230A7284EE0400040B0B6 /* ViewController */,
				168230A6284EE03B0040B0B6 /* ViewModel */,
				168230A5284EE0350040B0B6 /* Model */,
				168230A4284EE0230040B0B6 /* HttpClient */,
				168230A3284EE01D0040B0B6 /* Validation */,
				168230A1284EE0000040B0B6 /* Common */,
				1682308D284ED9920040B0B6 /* AppDelegate.swift */,
				1682308F284ED9920040B0B6 /* SceneDelegate.swift */,
				16823093284ED9920040B0B6 /* Main.storyboard */,
				16823096284ED9970040B0B6 /* Assets.xcassets */,
				16823098284ED9970040B0B6 /* LaunchScreen.storyboard */,
				1682309B284ED9970040B0B6 /* Info.plist */,
			);
			path = StarWapp;
			sourceTree = "<group>";
		};
		168230A1284EE0000040B0B6 /* Common */ = {
			isa = PBXGroup;
			children = (
				168230B9284EECA80040B0B6 /* GlobalStrings.swift */,
				168230BB284EECF70040B0B6 /* Endpoints.swift */,
			);
			path = Common;
			sourceTree = "<group>";
		};
		168230A3284EE01D0040B0B6 /* Validation */ = {
			isa = PBXGroup;
			children = (
			);
			path = Validation;
			sourceTree = "<group>";
		};
		168230A4284EE0230040B0B6 /* HttpClient */ = {
			isa = PBXGroup;
			children = (
				168230B5284EEA7D0040B0B6 /* ServiceManager.swift */,
			);
			path = HttpClient;
			sourceTree = "<group>";
		};
		168230A5284EE0350040B0B6 /* Model */ = {
			isa = PBXGroup;
			children = (
				168230AE284EE21C0040B0B6 /* Starship */,
				168230AD284EE2170040B0B6 /* Planet */,
				168230AC284EE2100040B0B6 /* People */,
			);
			path = Model;
			sourceTree = "<group>";
		};
		168230A6284EE03B0040B0B6 /* ViewModel */ = {
			isa = PBXGroup;
			children = (
				168230A8284EE0B10040B0B6 /* MenuViewModel.swift */,
				168230AA284EE0FC0040B0B6 /* BaseViewModel.swift */,
			);
			path = ViewModel;
			sourceTree = "<group>";
		};
		168230A7284EE0400040B0B6 /* ViewController */ = {
			isa = PBXGroup;
			children = (
				16823091284ED9920040B0B6 /* BaseViewController.swift */,
			);
			path = ViewController;
			sourceTree = "<group>";
		};
		168230AC284EE2100040B0B6 /* People */ = {
			isa = PBXGroup;
			children = (
				168230AF284EE2460040B0B6 /* PeopleResponse.swift */,
			);
			path = People;
			sourceTree = "<group>";
		};
		168230AD284EE2170040B0B6 /* Planet */ = {
			isa = PBXGroup;
			children = (
				168230B1284EE6B00040B0B6 /* PlanetResponse.swift */,
			);
			path = Planet;
			sourceTree = "<group>";
		};
		168230AE284EE21C0040B0B6 /* Starship */ = {
			isa = PBXGroup;
			children = (
				168230B3284EE8360040B0B6 /* StarshipResponse.swift */,
			);
			path = Starship;
			sourceTree = "<group>";
		};
/* End PBXGroup section */

/* Begin PBXNativeTarget section */
		16823089284ED9920040B0B6 /* StarWapp */ = {
			isa = PBXNativeTarget;
			buildConfigurationList = 1682309E284ED9970040B0B6 /* Build configuration list for PBXNativeTarget "StarWapp" */;
			buildPhases = (
				16823086284ED9920040B0B6 /* Sources */,
				16823087284ED9920040B0B6 /* Frameworks */,
				16823088284ED9920040B0B6 /* Resources */,
			);
			buildRules = (
			);
			dependencies = (
			);
			name = StarWapp;
			productName = StarWapp;
			productReference = 1682308A284ED9920040B0B6 /* StarWapp.app */;
			productType = "com.apple.product-type.application";
		};
/* End PBXNativeTarget section */

/* Begin PBXProject section */
		16823082284ED9920040B0B6 /* Project object */ = {
			isa = PBXProject;
			attributes = {
				BuildIndependentTargetsInParallel = 1;
				LastSwiftUpdateCheck = 1340;
				LastUpgradeCheck = 1340;
				TargetAttributes = {
					16823089284ED9920040B0B6 = {
						CreatedOnToolsVersion = 13.4;
					};
				};
			};
			buildConfigurationList = 16823085284ED9920040B0B6 /* Build configuration list for PBXProject "StarWapp" */;
			compatibilityVersion = "Xcode 13.0";
			developmentRegion = en;
			hasScannedForEncodings = 0;
			knownRegions = (
				en,
				Base,
			);
			mainGroup = 16823081284ED9920040B0B6;
			productRefGroup = 1682308B284ED9920040B0B6 /* Products */;
			projectDirPath = "";
			projectRoot = "";
			targets = (
				16823089284ED9920040B0B6 /* StarWapp */,
			);
		};
/* End PBXProject section */

/* Begin PBXResourcesBuildPhase section */
		16823088284ED9920040B0B6 /* Resources */ = {
			isa = PBXResourcesBuildPhase;
			buildActionMask = 2147483647;
			files = (
				1682309A284ED9970040B0B6 /* LaunchScreen.storyboard in Resources */,
				16823097284ED9970040B0B6 /* Assets.xcassets in Resources */,
				16823095284ED9920040B0B6 /* Main.storyboard in Resources */,
			);
			runOnlyForDeploymentPostprocessing = 0;
		};
/* End PBXResourcesBuildPhase section */

/* Begin PBXSourcesBuildPhase section */
		16823086284ED9920040B0B6 /* Sources */ = {
			isa = PBXSourcesBuildPhase;
			buildActionMask = 2147483647;
			files = (
				168230B0284EE2460040B0B6 /* PeopleResponse.swift in Sources */,
				16823092284ED9920040B0B6 /* BaseViewController.swift in Sources */,
				168230AB284EE0FC0040B0B6 /* BaseViewModel.swift in Sources */,
				168230B2284EE6B00040B0B6 /* PlanetResponse.swift in Sources */,
				1682308E284ED9920040B0B6 /* AppDelegate.swift in Sources */,
				168230BA284EECA80040B0B6 /* GlobalStrings.swift in Sources */,
				168230B6284EEA7D0040B0B6 /* ServiceManager.swift in Sources */,
				16823090284ED9920040B0B6 /* SceneDelegate.swift in Sources */,
				168230B4284EE8360040B0B6 /* StarshipResponse.swift in Sources */,
				168230BC284EECF70040B0B6 /* Endpoints.swift in Sources */,
				168230A9284EE0B10040B0B6 /* MenuViewModel.swift in Sources */,
			);
			runOnlyForDeploymentPostprocessing = 0;
		};
/* End PBXSourcesBuildPhase section */

/* Begin PBXVariantGroup section */
		16823093284ED9920040B0B6 /* Main.storyboard */ = {
			isa = PBXVariantGroup;
			children = (
				16823094284ED9920040B0B6 /* Base */,
			);
			name = Main.storyboard;
			sourceTree = "<group>";
		};
		16823098284ED9970040B0B6 /* LaunchScreen.storyboard */ = {
			isa = PBXVariantGroup;
			children = (
				16823099284ED9970040B0B6 /* Base */,
			);
			name = LaunchScreen.storyboard;
			sourceTree = "<group>";
		};
/* End PBXVariantGroup section */

/* Begin XCBuildConfiguration section */
		1682309C284ED9970040B0B6 /* Debug */ = {
			isa = XCBuildConfiguration;
			buildSettings = {
				ALWAYS_SEARCH_USER_PATHS = NO;
				CLANG_ANALYZER_NONNULL = YES;
				CLANG_ANALYZER_NUMBER_OBJECT_CONVERSION = YES_AGGRESSIVE;
				CLANG_CXX_LANGUAGE_STANDARD = "gnu++17";
				CLANG_ENABLE_MODULES = YES;
				CLANG_ENABLE_OBJC_ARC = YES;
				CLANG_ENABLE_OBJC_WEAK = YES;
				CLANG_WARN_BLOCK_CAPTURE_AUTORELEASING = YES;
				CLANG_WARN_BOOL_CONVERSION = YES;
				CLANG_WARN_COMMA = YES;
				CLANG_WARN_CONSTANT_CONVERSION = YES;
				CLANG_WARN_DEPRECATED_OBJC_IMPLEMENTATIONS = YES;
				CLANG_WARN_DIRECT_OBJC_ISA_USAGE = YES_ERROR;
				CLANG_WARN_DOCUMENTATION_COMMENTS = YES;
				CLANG_WARN_EMPTY_BODY = YES;
				CLANG_WARN_ENUM_CONVERSION = YES;
				CLANG_WARN_INFINITE_RECURSION = YES;
				CLANG_WARN_INT_CONVERSION = YES;
				CLANG_WARN_NON_LITERAL_NULL_CONVERSION = YES;
				CLANG_WARN_OBJC_IMPLICIT_RETAIN_SELF = YES;
				CLANG_WARN_OBJC_LITERAL_CONVERSION = YES;
				CLANG_WARN_OBJC_ROOT_CLASS = YES_ERROR;
				CLANG_WARN_QUOTED_INCLUDE_IN_FRAMEWORK_HEADER = YES;
				CLANG_WARN_RANGE_LOOP_ANALYSIS = YES;
				CLANG_WARN_STRICT_PROTOTYPES = YES;
				CLANG_WARN_SUSPICIOUS_MOVE = YES;
				CLANG_WARN_UNGUARDED_AVAILABILITY = YES_AGGRESSIVE;
				CLANG_WARN_UNREACHABLE_CODE = YES;
				CLANG_WARN__DUPLICATE_METHOD_MATCH = YES;
				COPY_PHASE_STRIP = NO;
				DEBUG_INFORMATION_FORMAT = dwarf;
				ENABLE_STRICT_OBJC_MSGSEND = YES;
				ENABLE_TESTABILITY = YES;
				GCC_C_LANGUAGE_STANDARD = gnu11;
				GCC_DYNAMIC_NO_PIC = NO;
				GCC_NO_COMMON_BLOCKS = YES;
				GCC_OPTIMIZATION_LEVEL = 0;
				GCC_PREPROCESSOR_DEFINITIONS = (
					"DEBUG=1",
					"$(inherited)",
				);
				GCC_WARN_64_TO_32_BIT_CONVERSION = YES;
				GCC_WARN_ABOUT_RETURN_TYPE = YES_ERROR;
				GCC_WARN_UNDECLARED_SELECTOR = YES;
				GCC_WARN_UNINITIALIZED_AUTOS = YES_AGGRESSIVE;
				GCC_WARN_UNUSED_FUNCTION = YES;
				GCC_WARN_UNUSED_VARIABLE = YES;
				IPHONEOS_DEPLOYMENT_TARGET = 15.3;
				MTL_ENABLE_DEBUG_INFO = INCLUDE_SOURCE;
				MTL_FAST_MATH = YES;
				ONLY_ACTIVE_ARCH = YES;
				SDKROOT = iphoneos;
				SWIFT_ACTIVE_COMPILATION_CONDITIONS = DEBUG;
				SWIFT_OPTIMIZATION_LEVEL = "-Onone";
			};
			name = Debug;
		};
		1682309D284ED9970040B0B6 /* Release */ = {
			isa = XCBuildConfiguration;
			buildSettings = {
				ALWAYS_SEARCH_USER_PATHS = NO;
				CLANG_ANALYZER_NONNULL = YES;
				CLANG_ANALYZER_NUMBER_OBJECT_CONVERSION = YES_AGGRESSIVE;
				CLANG_CXX_LANGUAGE_STANDARD = "gnu++17";
				CLANG_ENABLE_MODULES = YES;
				CLANG_ENABLE_OBJC_ARC = YES;
				CLANG_ENABLE_OBJC_WEAK = YES;
				CLANG_WARN_BLOCK_CAPTURE_AUTORELEASING = YES;
				CLANG_WARN_BOOL_CONVERSION = YES;
				CLANG_WARN_COMMA = YES;
				CLANG_WARN_CONSTANT_CONVERSION = YES;
				CLANG_WARN_DEPRECATED_OBJC_IMPLEMENTATIONS = YES;
				CLANG_WARN_DIRECT_OBJC_ISA_USAGE = YES_ERROR;
				CLANG_WARN_DOCUMENTATION_COMMENTS = YES;
				CLANG_WARN_EMPTY_BODY = YES;
				CLANG_WARN_ENUM_CONVERSION = YES;
				CLANG_WARN_INFINITE_RECURSION = YES;
				CLANG_WARN_INT_CONVERSION = YES;
				CLANG_WARN_NON_LITERAL_NULL_CONVERSION = YES;
				CLANG_WARN_OBJC_IMPLICIT_RETAIN_SELF = YES;
				CLANG_WARN_OBJC_LITERAL_CONVERSION = YES;
				CLANG_WARN_OBJC_ROOT_CLASS = YES_ERROR;
				CLANG_WARN_QUOTED_INCLUDE_IN_FRAMEWORK_HEADER = YES;
				CLANG_WARN_RANGE_LOOP_ANALYSIS = YES;
				CLANG_WARN_STRICT_PROTOTYPES = YES;
				CLANG_WARN_SUSPICIOUS_MOVE = YES;
				CLANG_WARN_UNGUARDED_AVAILABILITY = YES_AGGRESSIVE;
				CLANG_WARN_UNREACHABLE_CODE = YES;
				CLANG_WARN__DUPLICATE_METHOD_MATCH = YES;
				COPY_PHASE_STRIP = NO;
				DEBUG_INFORMATION_FORMAT = "dwarf-with-dsym";
				ENABLE_NS_ASSERTIONS = NO;
				ENABLE_STRICT_OBJC_MSGSEND = YES;
				GCC_C_LANGUAGE_STANDARD = gnu11;
				GCC_NO_COMMON_BLOCKS = YES;
				GCC_WARN_64_TO_32_BIT_CONVERSION = YES;
				GCC_WARN_ABOUT_RETURN_TYPE = YES_ERROR;
				GCC_WARN_UNDECLARED_SELECTOR = YES;
				GCC_WARN_UNINITIALIZED_AUTOS = YES_AGGRESSIVE;
				GCC_WARN_UNUSED_FUNCTION = YES;
				GCC_WARN_UNUSED_VARIABLE = YES;
				IPHONEOS_DEPLOYMENT_TARGET = 15.3;
				MTL_ENABLE_DEBUG_INFO = NO;
				MTL_FAST_MATH = YES;
				SDKROOT = iphoneos;
				SWIFT_COMPILATION_MODE = wholemodule;
				SWIFT_OPTIMIZATION_LEVEL = "-O";
				VALIDATE_PRODUCT = YES;
			};
			name = Release;
		};
		1682309F284ED9970040B0B6 /* Debug */ = {
			isa = XCBuildConfiguration;
			buildSettings = {
				ASSETCATALOG_COMPILER_APPICON_NAME = AppIcon;
				ASSETCATALOG_COMPILER_GLOBAL_ACCENT_COLOR_NAME = AccentColor;
				CODE_SIGN_STYLE = Automatic;
				CURRENT_PROJECT_VERSION = 1;
				DEVELOPMENT_TEAM = K8264YTM86;
				GENERATE_INFOPLIST_FILE = YES;
				INFOPLIST_FILE = StarWapp/Info.plist;
				INFOPLIST_KEY_UIApplicationSupportsIndirectInputEvents = YES;
				INFOPLIST_KEY_UILaunchStoryboardName = LaunchScreen;
				INFOPLIST_KEY_UIMainStoryboardFile = Main;
				INFOPLIST_KEY_UISupportedInterfaceOrientations_iPad = "UIInterfaceOrientationPortrait UIInterfaceOrientationPortraitUpsideDown UIInterfaceOrientationLandscapeLeft UIInterfaceOrientationLandscapeRight";
				INFOPLIST_KEY_UISupportedInterfaceOrientations_iPhone = "UIInterfaceOrientationPortrait UIInterfaceOrientationLandscapeLeft UIInterfaceOrientationLandscapeRight";
				LD_RUNPATH_SEARCH_PATHS = (
					"$(inherited)",
					"@executable_path/Frameworks",
				);
				MARKETING_VERSION = 1.0;
				PRODUCT_BUNDLE_IDENTIFIER = com.wallace.app.StarWapp;
				PRODUCT_NAME = "$(TARGET_NAME)";
				SWIFT_EMIT_LOC_STRINGS = YES;
				SWIFT_VERSION = 5.0;
				TARGETED_DEVICE_FAMILY = "1,2";
			};
			name = Debug;
		};
		168230A0284ED9970040B0B6 /* Release */ = {
			isa = XCBuildConfiguration;
			buildSettings = {
				ASSETCATALOG_COMPILER_APPICON_NAME = AppIcon;
				ASSETCATALOG_COMPILER_GLOBAL_ACCENT_COLOR_NAME = AccentColor;
				CODE_SIGN_STYLE = Automatic;
				CURRENT_PROJECT_VERSION = 1;
				DEVELOPMENT_TEAM = K8264YTM86;
				GENERATE_INFOPLIST_FILE = YES;
				INFOPLIST_FILE = StarWapp/Info.plist;
				INFOPLIST_KEY_UIApplicationSupportsIndirectInputEvents = YES;
				INFOPLIST_KEY_UILaunchStoryboardName = LaunchScreen;
				INFOPLIST_KEY_UIMainStoryboardFile = Main;
				INFOPLIST_KEY_UISupportedInterfaceOrientations_iPad = "UIInterfaceOrientationPortrait UIInterfaceOrientationPortraitUpsideDown UIInterfaceOrientationLandscapeLeft UIInterfaceOrientationLandscapeRight";
				INFOPLIST_KEY_UISupportedInterfaceOrientations_iPhone = "UIInterfaceOrientationPortrait UIInterfaceOrientationLandscapeLeft UIInterfaceOrientationLandscapeRight";
				LD_RUNPATH_SEARCH_PATHS = (
					"$(inherited)",
					"@executable_path/Frameworks",
				);
				MARKETING_VERSION = 1.0;
				PRODUCT_BUNDLE_IDENTIFIER = com.wallace.app.StarWapp;
				PRODUCT_NAME = "$(TARGET_NAME)";
				SWIFT_EMIT_LOC_STRINGS = YES;
				SWIFT_VERSION = 5.0;
				TARGETED_DEVICE_FAMILY = "1,2";
			};
			name = Release;
		};
/* End XCBuildConfiguration section */

/* Begin XCConfigurationList section */
		16823085284ED9920040B0B6 /* Build configuration list for PBXProject "StarWapp" */ = {
			isa = XCConfigurationList;
			buildConfigurations = (
				1682309C284ED9970040B0B6 /* Debug */,
				1682309D284ED9970040B0B6 /* Release */,
			);
			defaultConfigurationIsVisible = 0;
			defaultConfigurationName = Release;
		};
		1682309E284ED9970040B0B6 /* Build configuration list for PBXNativeTarget "StarWapp" */ = {
			isa = XCConfigurationList;
			buildConfigurations = (
				1682309F284ED9970040B0B6 /* Debug */,
				168230A0284ED9970040B0B6 /* Release */,
			);
			defaultConfigurationIsVisible = 0;
			defaultConfigurationName = Release;
		};
/* End XCConfigurationList section */
	};
	rootObject = 16823082284ED9920040B0B6 /* Project object */;
}
